// !$*UTF8*$!
{
	archiveVersion = 1;
	classes = {
	};
	objectVersion = 46;
	objects = {

/* Begin PBXBuildFile section */
		A22D994C1E39B9A800555B86 /* EarthStackLayout.swift in Sources */ = {isa = PBXBuildFile; fileRef = A22D994B1E39B9A800555B86 /* EarthStackLayout.swift */; };
		A252C9621E38F4280046838A /* TopDividerStackLayout.swift in Sources */ = {isa = PBXBuildFile; fileRef = A252C9611E38F4280046838A /* TopDividerStackLayout.swift */; };
		A252C9641E38FC090046838A /* PopOverCustomLayout.swift in Sources */ = {isa = PBXBuildFile; fileRef = A252C9631E38FC090046838A /* PopOverCustomLayout.swift */; };
		A252C9711E38FE1F0046838A /* ViewController.swift in Sources */ = {isa = PBXBuildFile; fileRef = A252C96D1E38FE1F0046838A /* ViewController.swift */; };
		A252C9721E38FE1F0046838A /* PopOverView.swift in Sources */ = {isa = PBXBuildFile; fileRef = A252C96F1E38FE1F0046838A /* PopOverView.swift */; };
		A27966091E37B351000AD16E /* AppDelegate.swift in Sources */ = {isa = PBXBuildFile; fileRef = A27966081E37B351000AD16E /* AppDelegate.swift */; };
		A279660E1E37B351000AD16E /* Main.storyboard in Resources */ = {isa = PBXBuildFile; fileRef = A279660C1E37B351000AD16E /* Main.storyboard */; };
		A27966101E37B351000AD16E /* Assets.xcassets in Resources */ = {isa = PBXBuildFile; fileRef = A279660F1E37B351000AD16E /* Assets.xcassets */; };
		A27966131E37B351000AD16E /* LaunchScreen.storyboard in Resources */ = {isa = PBXBuildFile; fileRef = A27966111E37B351000AD16E /* LaunchScreen.storyboard */; };
		A279661E1E37B351000AD16E /* LayoutKitExamplesTests.swift in Sources */ = {isa = PBXBuildFile; fileRef = A279661D1E37B351000AD16E /* LayoutKitExamplesTests.swift */; };
		A27966291E37B351000AD16E /* LayoutKitExamplesUITests.swift in Sources */ = {isa = PBXBuildFile; fileRef = A27966281E37B351000AD16E /* LayoutKitExamplesUITests.swift */; };
		A27966A51E37B3B2000AD16E /* Alignment.swift in Sources */ = {isa = PBXBuildFile; fileRef = A27966811E37B3B2000AD16E /* Alignment.swift */; };
		A27966A61E37B3B2000AD16E /* Animation.swift in Sources */ = {isa = PBXBuildFile; fileRef = A27966821E37B3B2000AD16E /* Animation.swift */; };
		A27966A71E37B3B2000AD16E /* Axis.swift in Sources */ = {isa = PBXBuildFile; fileRef = A27966831E37B3B2000AD16E /* Axis.swift */; };
		A27966A81E37B3B2000AD16E /* ConfigurableLayout.swift in Sources */ = {isa = PBXBuildFile; fileRef = A27966841E37B3B2000AD16E /* ConfigurableLayout.swift */; };
		A27966A91E37B3B2000AD16E /* Flexibility.swift in Sources */ = {isa = PBXBuildFile; fileRef = A27966851E37B3B2000AD16E /* Flexibility.swift */; };
		A27966AA1E37B3B2000AD16E /* CFAbsoluteTimeExtension.swift in Sources */ = {isa = PBXBuildFile; fileRef = A27966871E37B3B2000AD16E /* CFAbsoluteTimeExtension.swift */; };
		A27966AB1E37B3B2000AD16E /* CGFloatExtension.swift in Sources */ = {isa = PBXBuildFile; fileRef = A27966881E37B3B2000AD16E /* CGFloatExtension.swift */; };
		A27966AC1E37B3B2000AD16E /* CGSizeExtension.swift in Sources */ = {isa = PBXBuildFile; fileRef = A27966891E37B3B2000AD16E /* CGSizeExtension.swift */; };
		A27966AD1E37B3B2000AD16E /* Layout.swift in Sources */ = {isa = PBXBuildFile; fileRef = A279668A1E37B3B2000AD16E /* Layout.swift */; };
		A27966AE1E37B3B2000AD16E /* LayoutArrangement.swift in Sources */ = {isa = PBXBuildFile; fileRef = A279668B1E37B3B2000AD16E /* LayoutArrangement.swift */; };
		A27966AF1E37B3B2000AD16E /* LayoutMeasurement.swift in Sources */ = {isa = PBXBuildFile; fileRef = A279668C1E37B3B2000AD16E /* LayoutMeasurement.swift */; };
		A27966B01E37B3B2000AD16E /* BaseLayout.swift in Sources */ = {isa = PBXBuildFile; fileRef = A279668E1E37B3B2000AD16E /* BaseLayout.swift */; };
		A27966B11E37B3B2000AD16E /* ButtonLayout.swift in Sources */ = {isa = PBXBuildFile; fileRef = A279668F1E37B3B2000AD16E /* ButtonLayout.swift */; };
		A27966B21E37B3B2000AD16E /* InsetLayout.swift in Sources */ = {isa = PBXBuildFile; fileRef = A27966901E37B3B2000AD16E /* InsetLayout.swift */; };
		A27966B31E37B3B2000AD16E /* LabelLayout.swift in Sources */ = {isa = PBXBuildFile; fileRef = A27966911E37B3B2000AD16E /* LabelLayout.swift */; };
		A27966B41E37B3B2000AD16E /* SizeLayout.swift in Sources */ = {isa = PBXBuildFile; fileRef = A27966921E37B3B2000AD16E /* SizeLayout.swift */; };
		A27966B51E37B3B2000AD16E /* StackLayout.swift in Sources */ = {isa = PBXBuildFile; fileRef = A27966931E37B3B2000AD16E /* StackLayout.swift */; };
		A27966B61E37B3B2000AD16E /* AxisFlexibility.swift in Sources */ = {isa = PBXBuildFile; fileRef = A27966951E37B3B2000AD16E /* AxisFlexibility.swift */; };
		A27966B71E37B3B2000AD16E /* AxisPoint.swift in Sources */ = {isa = PBXBuildFile; fileRef = A27966961E37B3B2000AD16E /* AxisPoint.swift */; };
		A27966B81E37B3B2000AD16E /* AxisSize.swift in Sources */ = {isa = PBXBuildFile; fileRef = A27966971E37B3B2000AD16E /* AxisSize.swift */; };
		A27966B91E37B3B2000AD16E /* Text.swift in Sources */ = {isa = PBXBuildFile; fileRef = A27966981E37B3B2000AD16E /* Text.swift */; };
		A27966BA1E37B3B2000AD16E /* UIKitSupport.swift in Sources */ = {isa = PBXBuildFile; fileRef = A27966991E37B3B2000AD16E /* UIKitSupport.swift */; };
		A27966BB1E37B3B2000AD16E /* ViewRecycler.swift in Sources */ = {isa = PBXBuildFile; fileRef = A279669A1E37B3B2000AD16E /* ViewRecycler.swift */; };
		A27966BC1E37B3B2000AD16E /* BatchUpdates.swift in Sources */ = {isa = PBXBuildFile; fileRef = A279669C1E37B3B2000AD16E /* BatchUpdates.swift */; };
		A27966BD1E37B3B2000AD16E /* LayoutAdapterCollectionView.swift in Sources */ = {isa = PBXBuildFile; fileRef = A279669D1E37B3B2000AD16E /* LayoutAdapterCollectionView.swift */; };
		A27966BE1E37B3B2000AD16E /* LayoutAdapterTableView.swift in Sources */ = {isa = PBXBuildFile; fileRef = A279669E1E37B3B2000AD16E /* LayoutAdapterTableView.swift */; };
		A27966BF1E37B3B2000AD16E /* ReloadableView.swift in Sources */ = {isa = PBXBuildFile; fileRef = A279669F1E37B3B2000AD16E /* ReloadableView.swift */; };
		A27966C01E37B3B2000AD16E /* ReloadableViewLayoutAdapter+UICollectionView.swift in Sources */ = {isa = PBXBuildFile; fileRef = A27966A01E37B3B2000AD16E /* ReloadableViewLayoutAdapter+UICollectionView.swift */; };
		A27966C11E37B3B2000AD16E /* ReloadableViewLayoutAdapter+UITableView.swift in Sources */ = {isa = PBXBuildFile; fileRef = A27966A11E37B3B2000AD16E /* ReloadableViewLayoutAdapter+UITableView.swift */; };
		A27966C21E37B3B2000AD16E /* ReloadableViewLayoutAdapter.swift in Sources */ = {isa = PBXBuildFile; fileRef = A27966A21E37B3B2000AD16E /* ReloadableViewLayoutAdapter.swift */; };
		A27966C31E37B3B2000AD16E /* ReloadableViewUpdateManager.swift in Sources */ = {isa = PBXBuildFile; fileRef = A27966A31E37B3B2000AD16E /* ReloadableViewUpdateManager.swift */; };
		A27966C41E37B3B2000AD16E /* StackView.swift in Sources */ = {isa = PBXBuildFile; fileRef = A27966A41E37B3B2000AD16E /* StackView.swift */; };
/* End PBXBuildFile section */

/* Begin PBXContainerItemProxy section */
		A279661A1E37B351000AD16E /* PBXContainerItemProxy */ = {
			isa = PBXContainerItemProxy;
			containerPortal = A27965FD1E37B351000AD16E /* Project object */;
			proxyType = 1;
			remoteGlobalIDString = A27966041E37B351000AD16E;
			remoteInfo = LayoutKitExamples;
		};
		A27966251E37B351000AD16E /* PBXContainerItemProxy */ = {
			isa = PBXContainerItemProxy;
			containerPortal = A27965FD1E37B351000AD16E /* Project object */;
			proxyType = 1;
			remoteGlobalIDString = A27966041E37B351000AD16E;
			remoteInfo = LayoutKitExamples;
		};
/* End PBXContainerItemProxy section */

/* Begin PBXFileReference section */
		A22D994B1E39B9A800555B86 /* EarthStackLayout.swift */ = {isa = PBXFileReference; fileEncoding = 4; lastKnownFileType = sourcecode.swift; path = EarthStackLayout.swift; sourceTree = "<group>"; };
		A252C9611E38F4280046838A /* TopDividerStackLayout.swift */ = {isa = PBXFileReference; fileEncoding = 4; lastKnownFileType = sourcecode.swift; path = TopDividerStackLayout.swift; sourceTree = "<group>"; };
		A252C9631E38FC090046838A /* PopOverCustomLayout.swift */ = {isa = PBXFileReference; fileEncoding = 4; lastKnownFileType = sourcecode.swift; path = PopOverCustomLayout.swift; sourceTree = "<group>"; };
		A252C96D1E38FE1F0046838A /* ViewController.swift */ = {isa = PBXFileReference; fileEncoding = 4; lastKnownFileType = sourcecode.swift; path = ViewController.swift; sourceTree = "<group>"; };
		A252C96F1E38FE1F0046838A /* PopOverView.swift */ = {isa = PBXFileReference; fileEncoding = 4; lastKnownFileType = sourcecode.swift; path = PopOverView.swift; sourceTree = "<group>"; };
		A27966051E37B351000AD16E /* LayoutKitExamples.app */ = {isa = PBXFileReference; explicitFileType = wrapper.application; includeInIndex = 0; path = LayoutKitExamples.app; sourceTree = BUILT_PRODUCTS_DIR; };
		A27966081E37B351000AD16E /* AppDelegate.swift */ = {isa = PBXFileReference; lastKnownFileType = sourcecode.swift; path = AppDelegate.swift; sourceTree = "<group>"; };
		A279660D1E37B351000AD16E /* Base */ = {isa = PBXFileReference; lastKnownFileType = file.storyboard; name = Base; path = Base.lproj/Main.storyboard; sourceTree = "<group>"; };
		A279660F1E37B351000AD16E /* Assets.xcassets */ = {isa = PBXFileReference; lastKnownFileType = folder.assetcatalog; path = Assets.xcassets; sourceTree = "<group>"; };
		A27966121E37B351000AD16E /* Base */ = {isa = PBXFileReference; lastKnownFileType = file.storyboard; name = Base; path = Base.lproj/LaunchScreen.storyboard; sourceTree = "<group>"; };
		A27966141E37B351000AD16E /* Info.plist */ = {isa = PBXFileReference; lastKnownFileType = text.plist.xml; path = Info.plist; sourceTree = "<group>"; };
		A27966191E37B351000AD16E /* LayoutKitExamplesTests.xctest */ = {isa = PBXFileReference; explicitFileType = wrapper.cfbundle; includeInIndex = 0; path = LayoutKitExamplesTests.xctest; sourceTree = BUILT_PRODUCTS_DIR; };
		A279661D1E37B351000AD16E /* LayoutKitExamplesTests.swift */ = {isa = PBXFileReference; lastKnownFileType = sourcecode.swift; path = LayoutKitExamplesTests.swift; sourceTree = "<group>"; };
		A279661F1E37B351000AD16E /* Info.plist */ = {isa = PBXFileReference; lastKnownFileType = text.plist.xml; path = Info.plist; sourceTree = "<group>"; };
		A27966241E37B351000AD16E /* LayoutKitExamplesUITests.xctest */ = {isa = PBXFileReference; explicitFileType = wrapper.cfbundle; includeInIndex = 0; path = LayoutKitExamplesUITests.xctest; sourceTree = BUILT_PRODUCTS_DIR; };
		A27966281E37B351000AD16E /* LayoutKitExamplesUITests.swift */ = {isa = PBXFileReference; lastKnownFileType = sourcecode.swift; path = LayoutKitExamplesUITests.swift; sourceTree = "<group>"; };
		A279662A1E37B351000AD16E /* Info.plist */ = {isa = PBXFileReference; lastKnownFileType = text.plist.xml; path = Info.plist; sourceTree = "<group>"; };
		A27966811E37B3B2000AD16E /* Alignment.swift */ = {isa = PBXFileReference; fileEncoding = 4; lastKnownFileType = sourcecode.swift; path = Alignment.swift; sourceTree = "<group>"; };
		A27966821E37B3B2000AD16E /* Animation.swift */ = {isa = PBXFileReference; fileEncoding = 4; lastKnownFileType = sourcecode.swift; path = Animation.swift; sourceTree = "<group>"; };
		A27966831E37B3B2000AD16E /* Axis.swift */ = {isa = PBXFileReference; fileEncoding = 4; lastKnownFileType = sourcecode.swift; path = Axis.swift; sourceTree = "<group>"; };
		A27966841E37B3B2000AD16E /* ConfigurableLayout.swift */ = {isa = PBXFileReference; fileEncoding = 4; lastKnownFileType = sourcecode.swift; path = ConfigurableLayout.swift; sourceTree = "<group>"; };
		A27966851E37B3B2000AD16E /* Flexibility.swift */ = {isa = PBXFileReference; fileEncoding = 4; lastKnownFileType = sourcecode.swift; path = Flexibility.swift; sourceTree = "<group>"; };
		A27966871E37B3B2000AD16E /* CFAbsoluteTimeExtension.swift */ = {isa = PBXFileReference; fileEncoding = 4; lastKnownFileType = sourcecode.swift; path = CFAbsoluteTimeExtension.swift; sourceTree = "<group>"; };
		A27966881E37B3B2000AD16E /* CGFloatExtension.swift */ = {isa = PBXFileReference; fileEncoding = 4; lastKnownFileType = sourcecode.swift; path = CGFloatExtension.swift; sourceTree = "<group>"; };
		A27966891E37B3B2000AD16E /* CGSizeExtension.swift */ = {isa = PBXFileReference; fileEncoding = 4; lastKnownFileType = sourcecode.swift; path = CGSizeExtension.swift; sourceTree = "<group>"; };
		A279668A1E37B3B2000AD16E /* Layout.swift */ = {isa = PBXFileReference; fileEncoding = 4; lastKnownFileType = sourcecode.swift; path = Layout.swift; sourceTree = "<group>"; };
		A279668B1E37B3B2000AD16E /* LayoutArrangement.swift */ = {isa = PBXFileReference; fileEncoding = 4; lastKnownFileType = sourcecode.swift; path = LayoutArrangement.swift; sourceTree = "<group>"; };
		A279668C1E37B3B2000AD16E /* LayoutMeasurement.swift */ = {isa = PBXFileReference; fileEncoding = 4; lastKnownFileType = sourcecode.swift; path = LayoutMeasurement.swift; sourceTree = "<group>"; };
		A279668E1E37B3B2000AD16E /* BaseLayout.swift */ = {isa = PBXFileReference; fileEncoding = 4; lastKnownFileType = sourcecode.swift; path = BaseLayout.swift; sourceTree = "<group>"; };
		A279668F1E37B3B2000AD16E /* ButtonLayout.swift */ = {isa = PBXFileReference; fileEncoding = 4; lastKnownFileType = sourcecode.swift; path = ButtonLayout.swift; sourceTree = "<group>"; };
		A27966901E37B3B2000AD16E /* InsetLayout.swift */ = {isa = PBXFileReference; fileEncoding = 4; lastKnownFileType = sourcecode.swift; path = InsetLayout.swift; sourceTree = "<group>"; };
		A27966911E37B3B2000AD16E /* LabelLayout.swift */ = {isa = PBXFileReference; fileEncoding = 4; lastKnownFileType = sourcecode.swift; path = LabelLayout.swift; sourceTree = "<group>"; };
		A27966921E37B3B2000AD16E /* SizeLayout.swift */ = {isa = PBXFileReference; fileEncoding = 4; lastKnownFileType = sourcecode.swift; path = SizeLayout.swift; sourceTree = "<group>"; };
		A27966931E37B3B2000AD16E /* StackLayout.swift */ = {isa = PBXFileReference; fileEncoding = 4; lastKnownFileType = sourcecode.swift; path = StackLayout.swift; sourceTree = "<group>"; };
		A27966951E37B3B2000AD16E /* AxisFlexibility.swift */ = {isa = PBXFileReference; fileEncoding = 4; lastKnownFileType = sourcecode.swift; path = AxisFlexibility.swift; sourceTree = "<group>"; };
		A27966961E37B3B2000AD16E /* AxisPoint.swift */ = {isa = PBXFileReference; fileEncoding = 4; lastKnownFileType = sourcecode.swift; path = AxisPoint.swift; sourceTree = "<group>"; };
		A27966971E37B3B2000AD16E /* AxisSize.swift */ = {isa = PBXFileReference; fileEncoding = 4; lastKnownFileType = sourcecode.swift; path = AxisSize.swift; sourceTree = "<group>"; };
		A27966981E37B3B2000AD16E /* Text.swift */ = {isa = PBXFileReference; fileEncoding = 4; lastKnownFileType = sourcecode.swift; path = Text.swift; sourceTree = "<group>"; };
		A27966991E37B3B2000AD16E /* UIKitSupport.swift */ = {isa = PBXFileReference; fileEncoding = 4; lastKnownFileType = sourcecode.swift; path = UIKitSupport.swift; sourceTree = "<group>"; };
		A279669A1E37B3B2000AD16E /* ViewRecycler.swift */ = {isa = PBXFileReference; fileEncoding = 4; lastKnownFileType = sourcecode.swift; path = ViewRecycler.swift; sourceTree = "<group>"; };
		A279669C1E37B3B2000AD16E /* BatchUpdates.swift */ = {isa = PBXFileReference; fileEncoding = 4; lastKnownFileType = sourcecode.swift; path = BatchUpdates.swift; sourceTree = "<group>"; };
		A279669D1E37B3B2000AD16E /* LayoutAdapterCollectionView.swift */ = {isa = PBXFileReference; fileEncoding = 4; lastKnownFileType = sourcecode.swift; path = LayoutAdapterCollectionView.swift; sourceTree = "<group>"; };
		A279669E1E37B3B2000AD16E /* LayoutAdapterTableView.swift */ = {isa = PBXFileReference; fileEncoding = 4; lastKnownFileType = sourcecode.swift; path = LayoutAdapterTableView.swift; sourceTree = "<group>"; };
		A279669F1E37B3B2000AD16E /* ReloadableView.swift */ = {isa = PBXFileReference; fileEncoding = 4; lastKnownFileType = sourcecode.swift; path = ReloadableView.swift; sourceTree = "<group>"; };
		A27966A01E37B3B2000AD16E /* ReloadableViewLayoutAdapter+UICollectionView.swift */ = {isa = PBXFileReference; fileEncoding = 4; lastKnownFileType = sourcecode.swift; path = "ReloadableViewLayoutAdapter+UICollectionView.swift"; sourceTree = "<group>"; };
		A27966A11E37B3B2000AD16E /* ReloadableViewLayoutAdapter+UITableView.swift */ = {isa = PBXFileReference; fileEncoding = 4; lastKnownFileType = sourcecode.swift; path = "ReloadableViewLayoutAdapter+UITableView.swift"; sourceTree = "<group>"; };
		A27966A21E37B3B2000AD16E /* ReloadableViewLayoutAdapter.swift */ = {isa = PBXFileReference; fileEncoding = 4; lastKnownFileType = sourcecode.swift; path = ReloadableViewLayoutAdapter.swift; sourceTree = "<group>"; };
		A27966A31E37B3B2000AD16E /* ReloadableViewUpdateManager.swift */ = {isa = PBXFileReference; fileEncoding = 4; lastKnownFileType = sourcecode.swift; path = ReloadableViewUpdateManager.swift; sourceTree = "<group>"; };
		A27966A41E37B3B2000AD16E /* StackView.swift */ = {isa = PBXFileReference; fileEncoding = 4; lastKnownFileType = sourcecode.swift; path = StackView.swift; sourceTree = "<group>"; };
/* End PBXFileReference section */

/* Begin PBXFrameworksBuildPhase section */
		A27966021E37B351000AD16E /* Frameworks */ = {
			isa = PBXFrameworksBuildPhase;
			buildActionMask = 2147483647;
			files = (
			);
			runOnlyForDeploymentPostprocessing = 0;
		};
		A27966161E37B351000AD16E /* Frameworks */ = {
			isa = PBXFrameworksBuildPhase;
			buildActionMask = 2147483647;
			files = (
			);
			runOnlyForDeploymentPostprocessing = 0;
		};
		A27966211E37B351000AD16E /* Frameworks */ = {
			isa = PBXFrameworksBuildPhase;
			buildActionMask = 2147483647;
			files = (
			);
			runOnlyForDeploymentPostprocessing = 0;
		};
/* End PBXFrameworksBuildPhase section */

/* Begin PBXGroup section */
		A252C9601E38F4070046838A /* ExampleLayouts */ = {
			isa = PBXGroup;
			children = (
				A252C9611E38F4280046838A /* TopDividerStackLayout.swift */,
				A252C9631E38FC090046838A /* PopOverCustomLayout.swift */,
				A22D994B1E39B9A800555B86 /* EarthStackLayout.swift */,
			);
			path = ExampleLayouts;
			sourceTree = "<group>";
		};
		A252C96A1E38FE1F0046838A /* Resources */ = {
			isa = PBXGroup;
			children = (
			);
			path = Resources;
			sourceTree = "<group>";
		};
		A252C96C1E38FE1F0046838A /* ViewController */ = {
			isa = PBXGroup;
			children = (
				A252C96D1E38FE1F0046838A /* ViewController.swift */,
			);
			path = ViewController;
			sourceTree = "<group>";
		};
		A252C96E1E38FE1F0046838A /* Views */ = {
			isa = PBXGroup;
			children = (
				A252C96F1E38FE1F0046838A /* PopOverView.swift */,
			);
			path = Views;
			sourceTree = "<group>";
		};
		A27965FC1E37B351000AD16E = {
			isa = PBXGroup;
			children = (
				A27966071E37B351000AD16E /* LayoutKitExamples */,
				A279661C1E37B351000AD16E /* LayoutKitExamplesTests */,
				A27966271E37B351000AD16E /* LayoutKitExamplesUITests */,
				A27966061E37B351000AD16E /* Products */,
			);
			sourceTree = "<group>";
		};
		A27966061E37B351000AD16E /* Products */ = {
			isa = PBXGroup;
			children = (
				A27966051E37B351000AD16E /* LayoutKitExamples.app */,
				A27966191E37B351000AD16E /* LayoutKitExamplesTests.xctest */,
				A27966241E37B351000AD16E /* LayoutKitExamplesUITests.xctest */,
			);
			name = Products;
			sourceTree = "<group>";
		};
		A27966071E37B351000AD16E /* LayoutKitExamples */ = {
			isa = PBXGroup;
			children = (
				A27966081E37B351000AD16E /* AppDelegate.swift */,
				A27966801E37B3B2000AD16E /* LayoutKit */,
				A252C96C1E38FE1F0046838A /* ViewController */,
				A252C96E1E38FE1F0046838A /* Views */,
				A252C9601E38F4070046838A /* ExampleLayouts */,
				A252C96A1E38FE1F0046838A /* Resources */,
				A279660C1E37B351000AD16E /* Main.storyboard */,
				A279660F1E37B351000AD16E /* Assets.xcassets */,
				A27966111E37B351000AD16E /* LaunchScreen.storyboard */,
				A27966141E37B351000AD16E /* Info.plist */,
			);
			path = LayoutKitExamples;
			sourceTree = "<group>";
		};
		A279661C1E37B351000AD16E /* LayoutKitExamplesTests */ = {
			isa = PBXGroup;
			children = (
				A279661D1E37B351000AD16E /* LayoutKitExamplesTests.swift */,
				A279661F1E37B351000AD16E /* Info.plist */,
			);
			path = LayoutKitExamplesTests;
			sourceTree = "<group>";
		};
		A27966271E37B351000AD16E /* LayoutKitExamplesUITests */ = {
			isa = PBXGroup;
			children = (
				A27966281E37B351000AD16E /* LayoutKitExamplesUITests.swift */,
				A279662A1E37B351000AD16E /* Info.plist */,
			);
			path = LayoutKitExamplesUITests;
			sourceTree = "<group>";
		};
		A27966801E37B3B2000AD16E /* LayoutKit */ = {
			isa = PBXGroup;
			children = (
				A27966811E37B3B2000AD16E /* Alignment.swift */,
				A27966821E37B3B2000AD16E /* Animation.swift */,
				A27966831E37B3B2000AD16E /* Axis.swift */,
				A27966841E37B3B2000AD16E /* ConfigurableLayout.swift */,
				A27966851E37B3B2000AD16E /* Flexibility.swift */,
				A27966861E37B3B2000AD16E /* Internal */,
				A279668A1E37B3B2000AD16E /* Layout.swift */,
				A279668B1E37B3B2000AD16E /* LayoutArrangement.swift */,
				A279668C1E37B3B2000AD16E /* LayoutMeasurement.swift */,
				A279668D1E37B3B2000AD16E /* Layouts */,
				A27966941E37B3B2000AD16E /* Math */,
				A27966981E37B3B2000AD16E /* Text.swift */,
				A27966991E37B3B2000AD16E /* UIKitSupport.swift */,
				A279669A1E37B3B2000AD16E /* ViewRecycler.swift */,
				A279669B1E37B3B2000AD16E /* Views */,
			);
			path = LayoutKit;
			sourceTree = "<group>";
		};
		A27966861E37B3B2000AD16E /* Internal */ = {
			isa = PBXGroup;
			children = (
				A27966871E37B3B2000AD16E /* CFAbsoluteTimeExtension.swift */,
				A27966881E37B3B2000AD16E /* CGFloatExtension.swift */,
				A27966891E37B3B2000AD16E /* CGSizeExtension.swift */,
			);
			path = Internal;
			sourceTree = "<group>";
		};
		A279668D1E37B3B2000AD16E /* Layouts */ = {
			isa = PBXGroup;
			children = (
				A279668E1E37B3B2000AD16E /* BaseLayout.swift */,
				A279668F1E37B3B2000AD16E /* ButtonLayout.swift */,
				A27966901E37B3B2000AD16E /* InsetLayout.swift */,
				A27966911E37B3B2000AD16E /* LabelLayout.swift */,
				A27966921E37B3B2000AD16E /* SizeLayout.swift */,
				A27966931E37B3B2000AD16E /* StackLayout.swift */,
			);
			path = Layouts;
			sourceTree = "<group>";
		};
		A27966941E37B3B2000AD16E /* Math */ = {
			isa = PBXGroup;
			children = (
				A27966951E37B3B2000AD16E /* AxisFlexibility.swift */,
				A27966961E37B3B2000AD16E /* AxisPoint.swift */,
				A27966971E37B3B2000AD16E /* AxisSize.swift */,
			);
			path = Math;
			sourceTree = "<group>";
		};
		A279669B1E37B3B2000AD16E /* Views */ = {
			isa = PBXGroup;
			children = (
				A279669C1E37B3B2000AD16E /* BatchUpdates.swift */,
				A279669D1E37B3B2000AD16E /* LayoutAdapterCollectionView.swift */,
				A279669E1E37B3B2000AD16E /* LayoutAdapterTableView.swift */,
				A279669F1E37B3B2000AD16E /* ReloadableView.swift */,
				A27966A01E37B3B2000AD16E /* ReloadableViewLayoutAdapter+UICollectionView.swift */,
				A27966A11E37B3B2000AD16E /* ReloadableViewLayoutAdapter+UITableView.swift */,
				A27966A21E37B3B2000AD16E /* ReloadableViewLayoutAdapter.swift */,
				A27966A31E37B3B2000AD16E /* ReloadableViewUpdateManager.swift */,
				A27966A41E37B3B2000AD16E /* StackView.swift */,
			);
			path = Views;
			sourceTree = "<group>";
		};
/* End PBXGroup section */

/* Begin PBXNativeTarget section */
		A27966041E37B351000AD16E /* LayoutKitExamples */ = {
			isa = PBXNativeTarget;
			buildConfigurationList = A279662D1E37B351000AD16E /* Build configuration list for PBXNativeTarget "LayoutKitExamples" */;
			buildPhases = (
				A27966011E37B351000AD16E /* Sources */,
				A27966021E37B351000AD16E /* Frameworks */,
				A27966031E37B351000AD16E /* Resources */,
			);
			buildRules = (
			);
			dependencies = (
			);
			name = LayoutKitExamples;
			productName = LayoutKitExamples;
			productReference = A27966051E37B351000AD16E /* LayoutKitExamples.app */;
			productType = "com.apple.product-type.application";
		};
		A27966181E37B351000AD16E /* LayoutKitExamplesTests */ = {
			isa = PBXNativeTarget;
			buildConfigurationList = A27966301E37B351000AD16E /* Build configuration list for PBXNativeTarget "LayoutKitExamplesTests" */;
			buildPhases = (
				A27966151E37B351000AD16E /* Sources */,
				A27966161E37B351000AD16E /* Frameworks */,
				A27966171E37B351000AD16E /* Resources */,
			);
			buildRules = (
			);
			dependencies = (
				A279661B1E37B351000AD16E /* PBXTargetDependency */,
			);
			name = LayoutKitExamplesTests;
			productName = LayoutKitExamplesTests;
			productReference = A27966191E37B351000AD16E /* LayoutKitExamplesTests.xctest */;
			productType = "com.apple.product-type.bundle.unit-test";
		};
		A27966231E37B351000AD16E /* LayoutKitExamplesUITests */ = {
			isa = PBXNativeTarget;
			buildConfigurationList = A27966331E37B351000AD16E /* Build configuration list for PBXNativeTarget "LayoutKitExamplesUITests" */;
			buildPhases = (
				A27966201E37B351000AD16E /* Sources */,
				A27966211E37B351000AD16E /* Frameworks */,
				A27966221E37B351000AD16E /* Resources */,
			);
			buildRules = (
			);
			dependencies = (
				A27966261E37B351000AD16E /* PBXTargetDependency */,
			);
			name = LayoutKitExamplesUITests;
			productName = LayoutKitExamplesUITests;
			productReference = A27966241E37B351000AD16E /* LayoutKitExamplesUITests.xctest */;
			productType = "com.apple.product-type.bundle.ui-testing";
		};
/* End PBXNativeTarget section */

/* Begin PBXProject section */
		A27965FD1E37B351000AD16E /* Project object */ = {
			isa = PBXProject;
			attributes = {
				LastSwiftUpdateCheck = 0820;
				LastUpgradeCheck = 0820;
				ORGANIZATIONNAME = Sairamkotha;
				TargetAttributes = {
					A27966041E37B351000AD16E = {
						CreatedOnToolsVersion = 8.2.1;
						DevelopmentTeam = 4834D3YB29;
						ProvisioningStyle = Automatic;
					};
					A27966181E37B351000AD16E = {
						CreatedOnToolsVersion = 8.2.1;
						DevelopmentTeam = 4834D3YB29;
						ProvisioningStyle = Automatic;
						TestTargetID = A27966041E37B351000AD16E;
					};
					A27966231E37B351000AD16E = {
						CreatedOnToolsVersion = 8.2.1;
						DevelopmentTeam = 4834D3YB29;
						ProvisioningStyle = Automatic;
						TestTargetID = A27966041E37B351000AD16E;
					};
				};
			};
			buildConfigurationList = A27966001E37B351000AD16E /* Build configuration list for PBXProject "LayoutKitExamples" */;
			compatibilityVersion = "Xcode 3.2";
			developmentRegion = English;
			hasScannedForEncodings = 0;
			knownRegions = (
				en,
				Base,
			);
			mainGroup = A27965FC1E37B351000AD16E;
			productRefGroup = A27966061E37B351000AD16E /* Products */;
			projectDirPath = "";
			projectRoot = "";
			targets = (
				A27966041E37B351000AD16E /* LayoutKitExamples */,
				A27966181E37B351000AD16E /* LayoutKitExamplesTests */,
				A27966231E37B351000AD16E /* LayoutKitExamplesUITests */,
			);
		};
/* End PBXProject section */

/* Begin PBXResourcesBuildPhase section */
		A27966031E37B351000AD16E /* Resources */ = {
			isa = PBXResourcesBuildPhase;
			buildActionMask = 2147483647;
			files = (
				A27966131E37B351000AD16E /* LaunchScreen.storyboard in Resources */,
				A27966101E37B351000AD16E /* Assets.xcassets in Resources */,
				A279660E1E37B351000AD16E /* Main.storyboard in Resources */,
			);
			runOnlyForDeploymentPostprocessing = 0;
		};
		A27966171E37B351000AD16E /* Resources */ = {
			isa = PBXResourcesBuildPhase;
			buildActionMask = 2147483647;
			files = (
			);
			runOnlyForDeploymentPostprocessing = 0;
		};
		A27966221E37B351000AD16E /* Resources */ = {
			isa = PBXResourcesBuildPhase;
			buildActionMask = 2147483647;
			files = (
			);
			runOnlyForDeploymentPostprocessing = 0;
		};
/* End PBXResourcesBuildPhase section */

/* Begin PBXSourcesBuildPhase section */
		A27966011E37B351000AD16E /* Sources */ = {
			isa = PBXSourcesBuildPhase;
			buildActionMask = 2147483647;
			files = (
				A252C9621E38F4280046838A /* TopDividerStackLayout.swift in Sources */,
				A27966C31E37B3B2000AD16E /* ReloadableViewUpdateManager.swift in Sources */,
				A27966B41E37B3B2000AD16E /* SizeLayout.swift in Sources */,
				A27966BD1E37B3B2000AD16E /* LayoutAdapterCollectionView.swift in Sources */,
				A27966C21E37B3B2000AD16E /* ReloadableViewLayoutAdapter.swift in Sources */,
				A27966AB1E37B3B2000AD16E /* CGFloatExtension.swift in Sources */,
				A27966B81E37B3B2000AD16E /* AxisSize.swift in Sources */,
				A27966B51E37B3B2000AD16E /* StackLayout.swift in Sources */,
				A27966B01E37B3B2000AD16E /* BaseLayout.swift in Sources */,
				A27966AC1E37B3B2000AD16E /* CGSizeExtension.swift in Sources */,
				A27966AF1E37B3B2000AD16E /* LayoutMeasurement.swift in Sources */,
				A27966B71E37B3B2000AD16E /* AxisPoint.swift in Sources */,
				A27966A71E37B3B2000AD16E /* Axis.swift in Sources */,
				A27966C41E37B3B2000AD16E /* StackView.swift in Sources */,
				A27966AE1E37B3B2000AD16E /* LayoutArrangement.swift in Sources */,
				A27966BB1E37B3B2000AD16E /* ViewRecycler.swift in Sources */,
				A27966A51E37B3B2000AD16E /* Alignment.swift in Sources */,
				A27966A61E37B3B2000AD16E /* Animation.swift in Sources */,
				A27966B91E37B3B2000AD16E /* Text.swift in Sources */,
				A22D994C1E39B9A800555B86 /* EarthStackLayout.swift in Sources */,
				A252C9641E38FC090046838A /* PopOverCustomLayout.swift in Sources */,
				A27966AA1E37B3B2000AD16E /* CFAbsoluteTimeExtension.swift in Sources */,
				A27966BF1E37B3B2000AD16E /* ReloadableView.swift in Sources */,
				A27966BE1E37B3B2000AD16E /* LayoutAdapterTableView.swift in Sources */,
				A27966AD1E37B3B2000AD16E /* Layout.swift in Sources */,
				A27966BC1E37B3B2000AD16E /* BatchUpdates.swift in Sources */,
				A27966BA1E37B3B2000AD16E /* UIKitSupport.swift in Sources */,
				A27966A81E37B3B2000AD16E /* ConfigurableLayout.swift in Sources */,
				A27966B61E37B3B2000AD16E /* AxisFlexibility.swift in Sources */,
				A27966C01E37B3B2000AD16E /* ReloadableViewLayoutAdapter+UICollectionView.swift in Sources */,
				A27966B31E37B3B2000AD16E /* LabelLayout.swift in Sources */,
				A252C9711E38FE1F0046838A /* ViewController.swift in Sources */,
				A27966B11E37B3B2000AD16E /* ButtonLayout.swift in Sources */,
				A27966B21E37B3B2000AD16E /* InsetLayout.swift in Sources */,
				A27966A91E37B3B2000AD16E /* Flexibility.swift in Sources */,
				A27966091E37B351000AD16E /* AppDelegate.swift in Sources */,
				A252C9721E38FE1F0046838A /* PopOverView.swift in Sources */,
				A27966C11E37B3B2000AD16E /* ReloadableViewLayoutAdapter+UITableView.swift in Sources */,
			);
			runOnlyForDeploymentPostprocessing = 0;
		};
		A27966151E37B351000AD16E /* Sources */ = {
			isa = PBXSourcesBuildPhase;
			buildActionMask = 2147483647;
			files = (
				A279661E1E37B351000AD16E /* LayoutKitExamplesTests.swift in Sources */,
			);
			runOnlyForDeploymentPostprocessing = 0;
		};
		A27966201E37B351000AD16E /* Sources */ = {
			isa = PBXSourcesBuildPhase;
			buildActionMask = 2147483647;
			files = (
				A27966291E37B351000AD16E /* LayoutKitExamplesUITests.swift in Sources */,
			);
			runOnlyForDeploymentPostprocessing = 0;
		};
/* End PBXSourcesBuildPhase section */

/* Begin PBXTargetDependency section */
		A279661B1E37B351000AD16E /* PBXTargetDependency */ = {
			isa = PBXTargetDependency;
			target = A27966041E37B351000AD16E /* LayoutKitExamples */;
			targetProxy = A279661A1E37B351000AD16E /* PBXContainerItemProxy */;
		};
		A27966261E37B351000AD16E /* PBXTargetDependency */ = {
			isa = PBXTargetDependency;
			target = A27966041E37B351000AD16E /* LayoutKitExamples */;
			targetProxy = A27966251E37B351000AD16E /* PBXContainerItemProxy */;
		};
/* End PBXTargetDependency section */

/* Begin PBXVariantGroup section */
		A279660C1E37B351000AD16E /* Main.storyboard */ = {
			isa = PBXVariantGroup;
			children = (
				A279660D1E37B351000AD16E /* Base */,
			);
			name = Main.storyboard;
			sourceTree = "<group>";
		};
		A27966111E37B351000AD16E /* LaunchScreen.storyboard */ = {
			isa = PBXVariantGroup;
			children = (
				A27966121E37B351000AD16E /* Base */,
			);
			name = LaunchScreen.storyboard;
			sourceTree = "<group>";
		};
/* End PBXVariantGroup section */

/* Begin XCBuildConfiguration section */
		A279662B1E37B351000AD16E /* Debug */ = {
			isa = XCBuildConfiguration;
			buildSettings = {
				ALWAYS_SEARCH_USER_PATHS = NO;
				CLANG_ANALYZER_NONNULL = YES;
				CLANG_CXX_LANGUAGE_STANDARD = "gnu++0x";
				CLANG_CXX_LIBRARY = "libc++";
				CLANG_ENABLE_MODULES = YES;
				CLANG_ENABLE_OBJC_ARC = YES;
				CLANG_WARN_BOOL_CONVERSION = YES;
				CLANG_WARN_CONSTANT_CONVERSION = YES;
				CLANG_WARN_DIRECT_OBJC_ISA_USAGE = YES_ERROR;
				CLANG_WARN_DOCUMENTATION_COMMENTS = YES;
				CLANG_WARN_EMPTY_BODY = YES;
				CLANG_WARN_ENUM_CONVERSION = YES;
				CLANG_WARN_INFINITE_RECURSION = YES;
				CLANG_WARN_INT_CONVERSION = YES;
				CLANG_WARN_OBJC_ROOT_CLASS = YES_ERROR;
				CLANG_WARN_SUSPICIOUS_MOVE = YES;
				CLANG_WARN_UNREACHABLE_CODE = YES;
				CLANG_WARN__DUPLICATE_METHOD_MATCH = YES;
				"CODE_SIGN_IDENTITY[sdk=iphoneos*]" = "iPhone Developer";
				COPY_PHASE_STRIP = NO;
				DEBUG_INFORMATION_FORMAT = dwarf;
				ENABLE_STRICT_OBJC_MSGSEND = YES;
				ENABLE_TESTABILITY = YES;
				GCC_C_LANGUAGE_STANDARD = gnu99;
				GCC_DYNAMIC_NO_PIC = NO;
				GCC_NO_COMMON_BLOCKS = YES;
				GCC_OPTIMIZATION_LEVEL = 0;
				GCC_PREPROCESSOR_DEFINITIONS = (
					"DEBUG=1",
					"$(inherited)",
				);
				GCC_WARN_64_TO_32_BIT_CONVERSION = YES;
				GCC_WARN_ABOUT_RETURN_TYPE = YES_ERROR;
				GCC_WARN_UNDECLARED_SELECTOR = YES;
				GCC_WARN_UNINITIALIZED_AUTOS = YES_AGGRESSIVE;
				GCC_WARN_UNUSED_FUNCTION = YES;
				GCC_WARN_UNUSED_VARIABLE = YES;
				IPHONEOS_DEPLOYMENT_TARGET = 10.2;
				MTL_ENABLE_DEBUG_INFO = YES;
				ONLY_ACTIVE_ARCH = YES;
				SDKROOT = iphoneos;
				SWIFT_ACTIVE_COMPILATION_CONDITIONS = DEBUG;
				SWIFT_OPTIMIZATION_LEVEL = "-Onone";
			};
			name = Debug;
		};
		A279662C1E37B351000AD16E /* Release */ = {
			isa = XCBuildConfiguration;
			buildSettings = {
				ALWAYS_SEARCH_USER_PATHS = NO;
				CLANG_ANALYZER_NONNULL = YES;
				CLANG_CXX_LANGUAGE_STANDARD = "gnu++0x";
				CLANG_CXX_LIBRARY = "libc++";
				CLANG_ENABLE_MODULES = YES;
				CLANG_ENABLE_OBJC_ARC = YES;
				CLANG_WARN_BOOL_CONVERSION = YES;
				CLANG_WARN_CONSTANT_CONVERSION = YES;
				CLANG_WARN_DIRECT_OBJC_ISA_USAGE = YES_ERROR;
				CLANG_WARN_DOCUMENTATION_COMMENTS = YES;
				CLANG_WARN_EMPTY_BODY = YES;
				CLANG_WARN_ENUM_CONVERSION = YES;
				CLANG_WARN_INFINITE_RECURSION = YES;
				CLANG_WARN_INT_CONVERSION = YES;
				CLANG_WARN_OBJC_ROOT_CLASS = YES_ERROR;
				CLANG_WARN_SUSPICIOUS_MOVE = YES;
				CLANG_WARN_UNREACHABLE_CODE = YES;
				CLANG_WARN__DUPLICATE_METHOD_MATCH = YES;
				"CODE_SIGN_IDENTITY[sdk=iphoneos*]" = "iPhone Developer";
				COPY_PHASE_STRIP = NO;
				DEBUG_INFORMATION_FORMAT = "dwarf-with-dsym";
				ENABLE_NS_ASSERTIONS = NO;
				ENABLE_STRICT_OBJC_MSGSEND = YES;
				GCC_C_LANGUAGE_STANDARD = gnu99;
				GCC_NO_COMMON_BLOCKS = YES;
				GCC_WARN_64_TO_32_BIT_CONVERSION = YES;
				GCC_WARN_ABOUT_RETURN_TYPE = YES_ERROR;
				GCC_WARN_UNDECLARED_SELECTOR = YES;
				GCC_WARN_UNINITIALIZED_AUTOS = YES_AGGRESSIVE;
				GCC_WARN_UNUSED_FUNCTION = YES;
				GCC_WARN_UNUSED_VARIABLE = YES;
				IPHONEOS_DEPLOYMENT_TARGET = 10.2;
				MTL_ENABLE_DEBUG_INFO = NO;
				SDKROOT = iphoneos;
				SWIFT_OPTIMIZATION_LEVEL = "-Owholemodule";
				VALIDATE_PRODUCT = YES;
			};
			name = Release;
		};
		A279662E1E37B351000AD16E /* Debug */ = {
			isa = XCBuildConfiguration;
			buildSettings = {
				ASSETCATALOG_COMPILER_APPICON_NAME = AppIcon;
				DEVELOPMENT_TEAM = 4834D3YB29;
				INFOPLIST_FILE = LayoutKitExamples/Info.plist;
				LD_RUNPATH_SEARCH_PATHS = "$(inherited) @executable_path/Frameworks";
				PRODUCT_BUNDLE_IDENTIFIER = sairamkotha.LayoutKitExamples;
				PRODUCT_NAME = "$(TARGET_NAME)";
				SWIFT_VERSION = 3.0;
			};
			name = Debug;
		};
		A279662F1E37B351000AD16E /* Release */ = {
			isa = XCBuildConfiguration;
			buildSettings = {
				ASSETCATALOG_COMPILER_APPICON_NAME = AppIcon;
				DEVELOPMENT_TEAM = 4834D3YB29;
				INFOPLIST_FILE = LayoutKitExamples/Info.plist;
				LD_RUNPATH_SEARCH_PATHS = "$(inherited) @executable_path/Frameworks";
				PRODUCT_BUNDLE_IDENTIFIER = sairamkotha.LayoutKitExamples;
				PRODUCT_NAME = "$(TARGET_NAME)";
				SWIFT_VERSION = 3.0;
			};
			name = Release;
		};
		A27966311E37B351000AD16E /* Debug */ = {
			isa = XCBuildConfiguration;
			buildSettings = {
				ALWAYS_EMBED_SWIFT_STANDARD_LIBRARIES = YES;
				BUNDLE_LOADER = "$(TEST_HOST)";
				DEVELOPMENT_TEAM = 4834D3YB29;
				INFOPLIST_FILE = LayoutKitExamplesTests/Info.plist;
				LD_RUNPATH_SEARCH_PATHS = "$(inherited) @executable_path/Frameworks @loader_path/Frameworks";
				PRODUCT_BUNDLE_IDENTIFIER = sairamkotha.LayoutKitExamplesTests;
				PRODUCT_NAME = "$(TARGET_NAME)";
				SWIFT_VERSION = 3.0;
				TEST_HOST = "$(BUILT_PRODUCTS_DIR)/LayoutKitExamples.app/LayoutKitExamples";
			};
			name = Debug;
		};
		A27966321E37B351000AD16E /* Release */ = {
			isa = XCBuildConfiguration;
			buildSettings = {
				ALWAYS_EMBED_SWIFT_STANDARD_LIBRARIES = YES;
				BUNDLE_LOADER = "$(TEST_HOST)";
				DEVELOPMENT_TEAM = 4834D3YB29;
				INFOPLIST_FILE = LayoutKitExamplesTests/Info.plist;
				LD_RUNPATH_SEARCH_PATHS = "$(inherited) @executable_path/Frameworks @loader_path/Frameworks";
				PRODUCT_BUNDLE_IDENTIFIER = sairamkotha.LayoutKitExamplesTests;
				PRODUCT_NAME = "$(TARGET_NAME)";
				SWIFT_VERSION = 3.0;
				TEST_HOST = "$(BUILT_PRODUCTS_DIR)/LayoutKitExamples.app/LayoutKitExamples";
			};
			name = Release;
		};
		A27966341E37B351000AD16E /* Debug */ = {
			isa = XCBuildConfiguration;
			buildSettings = {
				ALWAYS_EMBED_SWIFT_STANDARD_LIBRARIES = YES;
				DEVELOPMENT_TEAM = 4834D3YB29;
				INFOPLIST_FILE = LayoutKitExamplesUITests/Info.plist;
				LD_RUNPATH_SEARCH_PATHS = "$(inherited) @executable_path/Frameworks @loader_path/Frameworks";
				PRODUCT_BUNDLE_IDENTIFIER = sairamkotha.LayoutKitExamplesUITests;
				PRODUCT_NAME = "$(TARGET_NAME)";
				SWIFT_VERSION = 3.0;
				TEST_TARGET_NAME = LayoutKitExamples;
			};
			name = Debug;
		};
		A27966351E37B351000AD16E /* Release */ = {
			isa = XCBuildConfiguration;
			buildSettings = {
				ALWAYS_EMBED_SWIFT_STANDARD_LIBRARIES = YES;
				DEVELOPMENT_TEAM = 4834D3YB29;
				INFOPLIST_FILE = LayoutKitExamplesUITests/Info.plist;
				LD_RUNPATH_SEARCH_PATHS = "$(inherited) @executable_path/Frameworks @loader_path/Frameworks";
				PRODUCT_BUNDLE_IDENTIFIER = sairamkotha.LayoutKitExamplesUITests;
				PRODUCT_NAME = "$(TARGET_NAME)";
				SWIFT_VERSION = 3.0;
				TEST_TARGET_NAME = LayoutKitExamples;
			};
			name = Release;
		};
/* End XCBuildConfiguration section */

/* Begin XCConfigurationList section */
		A27966001E37B351000AD16E /* Build configuration list for PBXProject "LayoutKitExamples" */ = {
			isa = XCConfigurationList;
			buildConfigurations = (
				A279662B1E37B351000AD16E /* Debug */,
				A279662C1E37B351000AD16E /* Release */,
			);
			defaultConfigurationIsVisible = 0;
			defaultConfigurationName = Release;
		};
		A279662D1E37B351000AD16E /* Build configuration list for PBXNativeTarget "LayoutKitExamples" */ = {
			isa = XCConfigurationList;
			buildConfigurations = (
				A279662E1E37B351000AD16E /* Debug */,
				A279662F1E37B351000AD16E /* Release */,
			);
			defaultConfigurationIsVisible = 0;
			defaultConfigurationName = Release;
		};
		A27966301E37B351000AD16E /* Build configuration list for PBXNativeTarget "LayoutKitExamplesTests" */ = {
			isa = XCConfigurationList;
			buildConfigurations = (
				A27966311E37B351000AD16E /* Debug */,
				A27966321E37B351000AD16E /* Release */,
			);
			defaultConfigurationIsVisible = 0;
			defaultConfigurationName = Release;
		};
		A27966331E37B351000AD16E /* Build configuration list for PBXNativeTarget "LayoutKitExamplesUITests" */ = {
			isa = XCConfigurationList;
			buildConfigurations = (
				A27966341E37B351000AD16E /* Debug */,
				A27966351E37B351000AD16E /* Release */,
			);
			defaultConfigurationIsVisible = 0;
			defaultConfigurationName = Release;
		};
/* End XCConfigurationList section */
	};
	rootObject = A27965FD1E37B351000AD16E /* Project object */;
}
